
Microsoft Visual Studio Solution File, Format Version 12.00
# Visual Studio Version 17
VisualStudioVersion = 17.3.32929.385
MinimumVisualStudioVersion = 10.0.40219.1
Project("{FAE04EC0-301F-11D3-BF4B-00C04F79EFBC}") = "binary_and_linear", "binary_and_linear.csproj", "{2D56D111-0555-422C-9AAC-DFE7804B9CFA}"
EndProject
Global
	GlobalSection(SolutionConfigurationPlatforms) = preSolution
		Debug|Any CPU = Debug|Any CPU
		Release|Any CPU = Release|Any CPU
	EndGlobalSection
	GlobalSection(ProjectConfigurationPlatforms) = postSolution
		{2D56D111-0555-422C-9AAC-DFE7804B9CFA}.Debug|Any CPU.ActiveCfg = Debug|Any CPU
		{2D56D111-0555-422C-9AAC-DFE7804B9CFA}.Debug|Any CPU.Build.0 = Debug|Any CPU
		{2D56D111-0555-422C-9AAC-DFE7804B9CFA}.Release|Any CPU.ActiveCfg = Release|Any CPU
		{2D56D111-0555-422C-9AAC-DFE7804B9CFA}.Release|Any CPU.Build.0 = Release|Any CPU
	EndGlobalSection
	GlobalSection(SolutionProperties) = preSolution
		HideSolutionNode = FALSE
	EndGlobalSection
	GlobalSection(ExtensibilityGlobals) = postSolution
		SolutionGuid = {CB66CB39-CF43-4CBD-8973-620DB6901F81}
	EndGlobalSection
EndGlobal
